
Microsoft Visual Studio Solution File, Format Version 12.00
# Visual Studio 15
VisualStudioVersion = 15.0.26730.16
MinimumVisualStudioVersion = 10.0.40219.1
Project("{FAE04EC0-301F-11D3-BF4B-00C04F79EFBC}") = "DDD2", "DDD2\DDD2.csproj", "{EC0A1CE0-4E82-45B3-BE84-4CEA32A52E17}"
EndProject
Global
	GlobalSection(SolutionConfigurationPlatforms) = preSolution
		Debug|Any CPU = Debug|Any CPU
		Release|Any CPU = Release|Any CPU
	EndGlobalSection
	GlobalSection(ProjectConfigurationPlatforms) = postSolution
		{EC0A1CE0-4E82-45B3-BE84-4CEA32A52E17}.Debug|Any CPU.ActiveCfg = Debug|Any CPU
		{EC0A1CE0-4E82-45B3-BE84-4CEA32A52E17}.Debug|Any CPU.Build.0 = Debug|Any CPU
		{EC0A1CE0-4E82-45B3-BE84-4CEA32A52E17}.Release|Any CPU.ActiveCfg = Release|Any CPU
		{EC0A1CE0-4E82-45B3-BE84-4CEA32A52E17}.Release|Any CPU.Build.0 = Release|Any CPU
	EndGlobalSection
	GlobalSection(SolutionProperties) = preSolution
		HideSolutionNode = FALSE
	EndGlobalSection
	GlobalSection(ExtensibilityGlobals) = postSolution
		SolutionGuid = {4AE03D43-7C05-4F80-9BB9-37B4C60FF7A4}
	EndGlobalSection
EndGlobal
